
Microsoft Visual Studio Solution File, Format Version 12.00
# Visual Studio Version 17
VisualStudioVersion = 17.8.34316.72
MinimumVisualStudioVersion = 10.0.40219.1
Project("{FAE04EC0-301F-11D3-BF4B-00C04F79EFBC}") = "ControleStructuren-10---PlusMaalTabel", "ControleStructuren-10---PlusMaalTabel\ControleStructuren-10---PlusMaalTabel.csproj", "{22A21958-6F0B-4A85-ACE1-274E3B5B0874}"
EndProject
Global
	GlobalSection(SolutionConfigurationPlatforms) = preSolution
		Debug|Any CPU = Debug|Any CPU
		Release|Any CPU = Release|Any CPU
	EndGlobalSection
	GlobalSection(ProjectConfigurationPlatforms) = postSolution
		{22A21958-6F0B-4A85-ACE1-274E3B5B0874}.Debug|Any CPU.ActiveCfg = Debug|Any CPU
		{22A21958-6F0B-4A85-ACE1-274E3B5B0874}.Debug|Any CPU.Build.0 = Debug|Any CPU
		{22A21958-6F0B-4A85-ACE1-274E3B5B0874}.Release|Any CPU.ActiveCfg = Release|Any CPU
		{22A21958-6F0B-4A85-ACE1-274E3B5B0874}.Release|Any CPU.Build.0 = Release|Any CPU
	EndGlobalSection
	GlobalSection(SolutionProperties) = preSolution
		HideSolutionNode = FALSE
	EndGlobalSection
	GlobalSection(ExtensibilityGlobals) = postSolution
		SolutionGuid = {D5D290D7-DE2C-4E7A-BCA9-E0C9A2CA00C9}
	EndGlobalSection
EndGlobal
